
Microsoft Visual Studio Solution File, Format Version 12.00
# Visual Studio Version 17
VisualStudioVersion = 17.14.36401.2 d17.14
MinimumVisualStudioVersion = 10.0.40219.1
Project("{FAE04EC0-301F-11D3-BF4B-00C04F79EFBC}") = "SportsEvent", "SportsEvent\SportsEvent.csproj", "{0210E43B-3B37-4825-9E0B-62A88D910655}"
EndProject
Global
	GlobalSection(SolutionConfigurationPlatforms) = preSolution
		Debug|Any CPU = Debug|Any CPU
		Release|Any CPU = Release|Any CPU
	EndGlobalSection
	GlobalSection(ProjectConfigurationPlatforms) = postSolution
		{0210E43B-3B37-4825-9E0B-62A88D910655}.Debug|Any CPU.ActiveCfg = Debug|Any CPU
		{0210E43B-3B37-4825-9E0B-62A88D910655}.Debug|Any CPU.Build.0 = Debug|Any CPU
		{0210E43B-3B37-4825-9E0B-62A88D910655}.Release|Any CPU.ActiveCfg = Release|Any CPU
		{0210E43B-3B37-4825-9E0B-62A88D910655}.Release|Any CPU.Build.0 = Release|Any CPU
	EndGlobalSection
	GlobalSection(SolutionProperties) = preSolution
		HideSolutionNode = FALSE
	EndGlobalSection
	GlobalSection(ExtensibilityGlobals) = postSolution
		SolutionGuid = {61BB08B1-9489-4F7A-A6C1-161A153892C9}
	EndGlobalSection
EndGlobal
